
Microsoft Visual Studio Solution File, Format Version 12.00
# Visual Studio Version 16
VisualStudioVersion = 16.0.30907.101
MinimumVisualStudioVersion = 10.0.40219.1
Project("{FAE04EC0-301F-11D3-BF4B-00C04F79EFBC}") = "HelloPi", "HelloPi\HelloPi.csproj", "{94285EBC-D1BB-4409-847F-9D587FEA17F5}"
EndProject
Project("{FAE04EC0-301F-11D3-BF4B-00C04F79EFBC}") = "QuietPi", "QuietPi\QuietPi.csproj", "{F96D726F-C8CA-42AD-BC6E-F827DD44D1AB}"
EndProject
Project("{9A19103F-16F7-4668-BE54-9A1E7A4F7556}") = "Maestro.Server", "Maestro.Server\Maestro.Server.csproj", "{5F96B686-D880-4820-9A1A-799932161B16}"
EndProject
Project("{FAE04EC0-301F-11D3-BF4B-00C04F79EFBC}") = "Maestro.Server.Interactive", "Maestro.Server.Interactive\Maestro.Server.Interactive.csproj", "{D5626F5C-5344-4F9E-9D6B-8519544864BB}"
EndProject
Project("{9A19103F-16F7-4668-BE54-9A1E7A4F7556}") = "Maestro.Client", "Maestro.Client\Maestro.Client.csproj", "{BDF990BD-BF04-42DC-B6E5-A5E0C742A7B0}"
EndProject
Project("{9A19103F-16F7-4668-BE54-9A1E7A4F7556}") = "Maestro", "Maestro\Maestro.csproj", "{92E46EA4-D60F-44A7-BC51-57FCB28B3E4C}"
EndProject
Project("{9A19103F-16F7-4668-BE54-9A1E7A4F7556}") = "Maestro.Console", "Maestro.Console\Maestro.Console.csproj", "{8FC2C017-3D3E-42BF-B773-877BD4DAA87C}"
EndProject
Project("{9A19103F-16F7-4668-BE54-9A1E7A4F7556}") = "Maestro.Server.Terminal", "Maestro.Server.Terminal\Maestro.Server.Terminal.csproj", "{D65B42EA-B407-4613-80A9-1E43CAB5DFDD}"
EndProject
Project("{9A19103F-16F7-4668-BE54-9A1E7A4F7556}") = "MaestroCommand", "MaestroCommand\MaestroCommand.csproj", "{285DD5B2-6311-4F5C-B531-EEFBB5250DA6}"
EndProject
Project("{9A19103F-16F7-4668-BE54-9A1E7A4F7556}") = "Maestro.Desktop", "Maestro.Desktop\Maestro.Desktop.csproj", "{00DC1902-A5F0-40AD-AB55-B947947563EC}"
EndProject
Project("{9A19103F-16F7-4668-BE54-9A1E7A4F7556}") = "Maestro.Server.Gpio", "Maestro.Server.Gpio\Maestro.Server.Gpio.csproj", "{9E12D8FA-DF98-4DBC-B2B0-CA3A31B7C43D}"
EndProject
Project("{FAE04EC0-301F-11D3-BF4B-00C04F79EFBC}") = "Maestro.DeviceSimulator", "Maestro.DeviceSimulator\Maestro.DeviceSimulator.csproj", "{9574C055-B129-4649-BB7A-9016E41B358D}"
EndProject
Global
	GlobalSection(SolutionConfigurationPlatforms) = preSolution
		Debug|Any CPU = Debug|Any CPU
		Debug|ARM = Debug|ARM
		Debug|ARM64 = Debug|ARM64
		Debug|x64 = Debug|x64
		Debug|x86 = Debug|x86
		Release|Any CPU = Release|Any CPU
		Release|ARM = Release|ARM
		Release|ARM64 = Release|ARM64
		Release|x64 = Release|x64
		Release|x86 = Release|x86
	EndGlobalSection
	GlobalSection(ProjectConfigurationPlatforms) = postSolution
		{94285EBC-D1BB-4409-847F-9D587FEA17F5}.Debug|Any CPU.ActiveCfg = Debug|x86
		{94285EBC-D1BB-4409-847F-9D587FEA17F5}.Debug|ARM.ActiveCfg = Debug|ARM
		{94285EBC-D1BB-4409-847F-9D587FEA17F5}.Debug|ARM.Build.0 = Debug|ARM
		{94285EBC-D1BB-4409-847F-9D587FEA17F5}.Debug|ARM.Deploy.0 = Debug|ARM
		{94285EBC-D1BB-4409-847F-9D587FEA17F5}.Debug|ARM64.ActiveCfg = Debug|ARM64
		{94285EBC-D1BB-4409-847F-9D587FEA17F5}.Debug|ARM64.Build.0 = Debug|ARM64
		{94285EBC-D1BB-4409-847F-9D587FEA17F5}.Debug|ARM64.Deploy.0 = Debug|ARM64
		{94285EBC-D1BB-4409-847F-9D587FEA17F5}.Debug|x64.ActiveCfg = Debug|x64
		{94285EBC-D1BB-4409-847F-9D587FEA17F5}.Debug|x64.Build.0 = Debug|x64
		{94285EBC-D1BB-4409-847F-9D587FEA17F5}.Debug|x64.Deploy.0 = Debug|x64
		{94285EBC-D1BB-4409-847F-9D587FEA17F5}.Debug|x86.ActiveCfg = Debug|x86
		{94285EBC-D1BB-4409-847F-9D587FEA17F5}.Debug|x86.Build.0 = Debug|x86
		{94285EBC-D1BB-4409-847F-9D587FEA17F5}.Debug|x86.Deploy.0 = Debug|x86
		{94285EBC-D1BB-4409-847F-9D587FEA17F5}.Release|Any CPU.ActiveCfg = Release|x86
		{94285EBC-D1BB-4409-847F-9D587FEA17F5}.Release|ARM.ActiveCfg = Release|ARM
		{94285EBC-D1BB-4409-847F-9D587FEA17F5}.Release|ARM.Build.0 = Release|ARM
		{94285EBC-D1BB-4409-847F-9D587FEA17F5}.Release|ARM.Deploy.0 = Release|ARM
		{94285EBC-D1BB-4409-847F-9D587FEA17F5}.Release|ARM64.ActiveCfg = Release|ARM64
		{94285EBC-D1BB-4409-847F-9D587FEA17F5}.Release|ARM64.Build.0 = Release|ARM64
		{94285EBC-D1BB-4409-847F-9D587FEA17F5}.Release|ARM64.Deploy.0 = Release|ARM64
		{94285EBC-D1BB-4409-847F-9D587FEA17F5}.Release|x64.ActiveCfg = Release|x64
		{94285EBC-D1BB-4409-847F-9D587FEA17F5}.Release|x64.Build.0 = Release|x64
		{94285EBC-D1BB-4409-847F-9D587FEA17F5}.Release|x64.Deploy.0 = Release|x64
		{94285EBC-D1BB-4409-847F-9D587FEA17F5}.Release|x86.ActiveCfg = Release|x86
		{94285EBC-D1BB-4409-847F-9D587FEA17F5}.Release|x86.Build.0 = Release|x86
		{94285EBC-D1BB-4409-847F-9D587FEA17F5}.Release|x86.Deploy.0 = Release|x86
		{F96D726F-C8CA-42AD-BC6E-F827DD44D1AB}.Debug|Any CPU.ActiveCfg = Debug|x86
		{F96D726F-C8CA-42AD-BC6E-F827DD44D1AB}.Debug|ARM.ActiveCfg = Debug|ARM
		{F96D726F-C8CA-42AD-BC6E-F827DD44D1AB}.Debug|ARM.Build.0 = Debug|ARM
		{F96D726F-C8CA-42AD-BC6E-F827DD44D1AB}.Debug|ARM.Deploy.0 = Debug|ARM
		{F96D726F-C8CA-42AD-BC6E-F827DD44D1AB}.Debug|ARM64.ActiveCfg = Debug|x86
		{F96D726F-C8CA-42AD-BC6E-F827DD44D1AB}.Debug|x64.ActiveCfg = Debug|x64
		{F96D726F-C8CA-42AD-BC6E-F827DD44D1AB}.Debug|x64.Build.0 = Debug|x64
		{F96D726F-C8CA-42AD-BC6E-F827DD44D1AB}.Debug|x64.Deploy.0 = Debug|x64
		{F96D726F-C8CA-42AD-BC6E-F827DD44D1AB}.Debug|x86.ActiveCfg = Debug|x86
		{F96D726F-C8CA-42AD-BC6E-F827DD44D1AB}.Debug|x86.Build.0 = Debug|x86
		{F96D726F-C8CA-42AD-BC6E-F827DD44D1AB}.Debug|x86.Deploy.0 = Debug|x86
		{F96D726F-C8CA-42AD-BC6E-F827DD44D1AB}.Release|Any CPU.ActiveCfg = Release|x86
		{F96D726F-C8CA-42AD-BC6E-F827DD44D1AB}.Release|ARM.ActiveCfg = Release|ARM
		{F96D726F-C8CA-42AD-BC6E-F827DD44D1AB}.Release|ARM.Build.0 = Release|ARM
		{F96D726F-C8CA-42AD-BC6E-F827DD44D1AB}.Release|ARM.Deploy.0 = Release|ARM
		{F96D726F-C8CA-42AD-BC6E-F827DD44D1AB}.Release|ARM64.ActiveCfg = Release|x86
		{F96D726F-C8CA-42AD-BC6E-F827DD44D1AB}.Release|x64.ActiveCfg = Release|x64
		{F96D726F-C8CA-42AD-BC6E-F827DD44D1AB}.Release|x64.Build.0 = Release|x64
		{F96D726F-C8CA-42AD-BC6E-F827DD44D1AB}.Release|x64.Deploy.0 = Release|x64
		{F96D726F-C8CA-42AD-BC6E-F827DD44D1AB}.Release|x86.ActiveCfg = Release|x86
		{F96D726F-C8CA-42AD-BC6E-F827DD44D1AB}.Release|x86.Build.0 = Release|x86
		{F96D726F-C8CA-42AD-BC6E-F827DD44D1AB}.Release|x86.Deploy.0 = Release|x86
		{5F96B686-D880-4820-9A1A-799932161B16}.Debug|Any CPU.ActiveCfg = Debug|Any CPU
		{5F96B686-D880-4820-9A1A-799932161B16}.Debug|Any CPU.Build.0 = Debug|Any CPU
		{5F96B686-D880-4820-9A1A-799932161B16}.Debug|ARM.ActiveCfg = Debug|Any CPU
		{5F96B686-D880-4820-9A1A-799932161B16}.Debug|ARM.Build.0 = Debug|Any CPU
		{5F96B686-D880-4820-9A1A-799932161B16}.Debug|ARM64.ActiveCfg = Debug|Any CPU
		{5F96B686-D880-4820-9A1A-799932161B16}.Debug|ARM64.Build.0 = Debug|Any CPU
		{5F96B686-D880-4820-9A1A-799932161B16}.Debug|x64.ActiveCfg = Debug|Any CPU
		{5F96B686-D880-4820-9A1A-799932161B16}.Debug|x64.Build.0 = Debug|Any CPU
		{5F96B686-D880-4820-9A1A-799932161B16}.Debug|x86.ActiveCfg = Debug|Any CPU
		{5F96B686-D880-4820-9A1A-799932161B16}.Debug|x86.Build.0 = Debug|Any CPU
		{5F96B686-D880-4820-9A1A-799932161B16}.Release|Any CPU.ActiveCfg = Release|Any CPU
		{5F96B686-D880-4820-9A1A-799932161B16}.Release|Any CPU.Build.0 = Release|Any CPU
		{5F96B686-D880-4820-9A1A-799932161B16}.Release|ARM.ActiveCfg = Release|Any CPU
		{5F96B686-D880-4820-9A1A-799932161B16}.Release|ARM.Build.0 = Release|Any CPU
		{5F96B686-D880-4820-9A1A-799932161B16}.Release|ARM64.ActiveCfg = Release|Any CPU
		{5F96B686-D880-4820-9A1A-799932161B16}.Release|ARM64.Build.0 = Release|Any CPU
		{5F96B686-D880-4820-9A1A-799932161B16}.Release|x64.ActiveCfg = Release|Any CPU
		{5F96B686-D880-4820-9A1A-799932161B16}.Release|x64.Build.0 = Release|Any CPU
		{5F96B686-D880-4820-9A1A-799932161B16}.Release|x86.ActiveCfg = Release|Any CPU
		{5F96B686-D880-4820-9A1A-799932161B16}.Release|x86.Build.0 = Release|Any CPU
		{D5626F5C-5344-4F9E-9D6B-8519544864BB}.Debug|Any CPU.ActiveCfg = Debug|x86
		{D5626F5C-5344-4F9E-9D6B-8519544864BB}.Debug|Any CPU.Build.0 = Debug|x86
		{D5626F5C-5344-4F9E-9D6B-8519544864BB}.Debug|Any CPU.Deploy.0 = Debug|x86
		{D5626F5C-5344-4F9E-9D6B-8519544864BB}.Debug|ARM.ActiveCfg = Debug|ARM
		{D5626F5C-5344-4F9E-9D6B-8519544864BB}.Debug|ARM.Build.0 = Debug|ARM
		{D5626F5C-5344-4F9E-9D6B-8519544864BB}.Debug|ARM.Deploy.0 = Debug|ARM
		{D5626F5C-5344-4F9E-9D6B-8519544864BB}.Debug|ARM64.ActiveCfg = Debug|ARM64
		{D5626F5C-5344-4F9E-9D6B-8519544864BB}.Debug|ARM64.Build.0 = Debug|ARM64
		{D5626F5C-5344-4F9E-9D6B-8519544864BB}.Debug|ARM64.Deploy.0 = Debug|ARM64
		{D5626F5C-5344-4F9E-9D6B-8519544864BB}.Debug|x64.ActiveCfg = Debug|x64
		{D5626F5C-5344-4F9E-9D6B-8519544864BB}.Debug|x64.Build.0 = Debug|x64
		{D5626F5C-5344-4F9E-9D6B-8519544864BB}.Debug|x64.Deploy.0 = Debug|x64
		{D5626F5C-5344-4F9E-9D6B-8519544864BB}.Debug|x86.ActiveCfg = Debug|x86
		{D5626F5C-5344-4F9E-9D6B-8519544864BB}.Debug|x86.Build.0 = Debug|x86
		{D5626F5C-5344-4F9E-9D6B-8519544864BB}.Debug|x86.Deploy.0 = Debug|x86
		{D5626F5C-5344-4F9E-9D6B-8519544864BB}.Release|Any CPU.ActiveCfg = Release|x86
		{D5626F5C-5344-4F9E-9D6B-8519544864BB}.Release|ARM.ActiveCfg = Release|ARM
		{D5626F5C-5344-4F9E-9D6B-8519544864BB}.Release|ARM.Build.0 = Release|ARM
		{D5626F5C-5344-4F9E-9D6B-8519544864BB}.Release|ARM.Deploy.0 = Release|ARM
		{D5626F5C-5344-4F9E-9D6B-8519544864BB}.Release|ARM64.ActiveCfg = Release|ARM64
		{D5626F5C-5344-4F9E-9D6B-8519544864BB}.Release|ARM64.Build.0 = Release|ARM64
		{D5626F5C-5344-4F9E-9D6B-8519544864BB}.Release|ARM64.Deploy.0 = Release|ARM64
		{D5626F5C-5344-4F9E-9D6B-8519544864BB}.Release|x64.ActiveCfg = Release|x64
		{D5626F5C-5344-4F9E-9D6B-8519544864BB}.Release|x64.Build.0 = Release|x64
		{D5626F5C-5344-4F9E-9D6B-8519544864BB}.Release|x64.Deploy.0 = Release|x64
		{D5626F5C-5344-4F9E-9D6B-8519544864BB}.Release|x86.ActiveCfg = Release|x86
		{D5626F5C-5344-4F9E-9D6B-8519544864BB}.Release|x86.Build.0 = Release|x86
		{D5626F5C-5344-4F9E-9D6B-8519544864BB}.Release|x86.Deploy.0 = Release|x86
		{BDF990BD-BF04-42DC-B6E5-A5E0C742A7B0}.Debug|Any CPU.ActiveCfg = Debug|Any CPU
		{BDF990BD-BF04-42DC-B6E5-A5E0C742A7B0}.Debug|Any CPU.Build.0 = Debug|Any CPU
		{BDF990BD-BF04-42DC-B6E5-A5E0C742A7B0}.Debug|ARM.ActiveCfg = Debug|Any CPU
		{BDF990BD-BF04-42DC-B6E5-A5E0C742A7B0}.Debug|ARM.Build.0 = Debug|Any CPU
		{BDF990BD-BF04-42DC-B6E5-A5E0C742A7B0}.Debug|ARM64.ActiveCfg = Debug|Any CPU
		{BDF990BD-BF04-42DC-B6E5-A5E0C742A7B0}.Debug|ARM64.Build.0 = Debug|Any CPU
		{BDF990BD-BF04-42DC-B6E5-A5E0C742A7B0}.Debug|x64.ActiveCfg = Debug|Any CPU
		{BDF990BD-BF04-42DC-B6E5-A5E0C742A7B0}.Debug|x64.Build.0 = Debug|Any CPU
		{BDF990BD-BF04-42DC-B6E5-A5E0C742A7B0}.Debug|x86.ActiveCfg = Debug|Any CPU
		{BDF990BD-BF04-42DC-B6E5-A5E0C742A7B0}.Debug|x86.Build.0 = Debug|Any CPU
		{BDF990BD-BF04-42DC-B6E5-A5E0C742A7B0}.Release|Any CPU.ActiveCfg = Release|Any CPU
		{BDF990BD-BF04-42DC-B6E5-A5E0C742A7B0}.Release|Any CPU.Build.0 = Release|Any CPU
		{BDF990BD-BF04-42DC-B6E5-A5E0C742A7B0}.Release|ARM.ActiveCfg = Release|Any CPU
		{BDF990BD-BF04-42DC-B6E5-A5E0C742A7B0}.Release|ARM.Build.0 = Release|Any CPU
		{BDF990BD-BF04-42DC-B6E5-A5E0C742A7B0}.Release|ARM64.ActiveCfg = Release|Any CPU
		{BDF990BD-BF04-42DC-B6E5-A5E0C742A7B0}.Release|ARM64.Build.0 = Release|Any CPU
		{BDF990BD-BF04-42DC-B6E5-A5E0C742A7B0}.Release|x64.ActiveCfg = Release|Any CPU
		{BDF990BD-BF04-42DC-B6E5-A5E0C742A7B0}.Release|x64.Build.0 = Release|Any CPU
		{BDF990BD-BF04-42DC-B6E5-A5E0C742A7B0}.Release|x86.ActiveCfg = Release|Any CPU
		{BDF990BD-BF04-42DC-B6E5-A5E0C742A7B0}.Release|x86.Build.0 = Release|Any CPU
		{92E46EA4-D60F-44A7-BC51-57FCB28B3E4C}.Debug|Any CPU.ActiveCfg = Debug|Any CPU
		{92E46EA4-D60F-44A7-BC51-57FCB28B3E4C}.Debug|Any CPU.Build.0 = Debug|Any CPU
		{92E46EA4-D60F-44A7-BC51-57FCB28B3E4C}.Debug|ARM.ActiveCfg = Debug|Any CPU
		{92E46EA4-D60F-44A7-BC51-57FCB28B3E4C}.Debug|ARM.Build.0 = Debug|Any CPU
		{92E46EA4-D60F-44A7-BC51-57FCB28B3E4C}.Debug|ARM64.ActiveCfg = Debug|Any CPU
		{92E46EA4-D60F-44A7-BC51-57FCB28B3E4C}.Debug|ARM64.Build.0 = Debug|Any CPU
		{92E46EA4-D60F-44A7-BC51-57FCB28B3E4C}.Debug|x64.ActiveCfg = Debug|Any CPU
		{92E46EA4-D60F-44A7-BC51-57FCB28B3E4C}.Debug|x64.Build.0 = Debug|Any CPU
		{92E46EA4-D60F-44A7-BC51-57FCB28B3E4C}.Debug|x86.ActiveCfg = Debug|Any CPU
		{92E46EA4-D60F-44A7-BC51-57FCB28B3E4C}.Debug|x86.Build.0 = Debug|Any CPU
		{92E46EA4-D60F-44A7-BC51-57FCB28B3E4C}.Release|Any CPU.ActiveCfg = Release|Any CPU
		{92E46EA4-D60F-44A7-BC51-57FCB28B3E4C}.Release|Any CPU.Build.0 = Release|Any CPU
		{92E46EA4-D60F-44A7-BC51-57FCB28B3E4C}.Release|ARM.ActiveCfg = Release|Any CPU
		{92E46EA4-D60F-44A7-BC51-57FCB28B3E4C}.Release|ARM.Build.0 = Release|Any CPU
		{92E46EA4-D60F-44A7-BC51-57FCB28B3E4C}.Release|ARM64.ActiveCfg = Release|Any CPU
		{92E46EA4-D60F-44A7-BC51-57FCB28B3E4C}.Release|ARM64.Build.0 = Release|Any CPU
		{92E46EA4-D60F-44A7-BC51-57FCB28B3E4C}.Release|x64.ActiveCfg = Release|Any CPU
		{92E46EA4-D60F-44A7-BC51-57FCB28B3E4C}.Release|x64.Build.0 = Release|Any CPU
		{92E46EA4-D60F-44A7-BC51-57FCB28B3E4C}.Release|x86.ActiveCfg = Release|Any CPU
		{92E46EA4-D60F-44A7-BC51-57FCB28B3E4C}.Release|x86.Build.0 = Release|Any CPU
		{8FC2C017-3D3E-42BF-B773-877BD4DAA87C}.Debug|Any CPU.ActiveCfg = Debug|Any CPU
		{8FC2C017-3D3E-42BF-B773-877BD4DAA87C}.Debug|Any CPU.Build.0 = Debug|Any CPU
		{8FC2C017-3D3E-42BF-B773-877BD4DAA87C}.Debug|ARM.ActiveCfg = Debug|Any CPU
		{8FC2C017-3D3E-42BF-B773-877BD4DAA87C}.Debug|ARM.Build.0 = Debug|Any CPU
		{8FC2C017-3D3E-42BF-B773-877BD4DAA87C}.Debug|ARM64.ActiveCfg = Debug|Any CPU
		{8FC2C017-3D3E-42BF-B773-877BD4DAA87C}.Debug|ARM64.Build.0 = Debug|Any CPU
		{8FC2C017-3D3E-42BF-B773-877BD4DAA87C}.Debug|x64.ActiveCfg = Debug|Any CPU
		{8FC2C017-3D3E-42BF-B773-877BD4DAA87C}.Debug|x64.Build.0 = Debug|Any CPU
		{8FC2C017-3D3E-42BF-B773-877BD4DAA87C}.Debug|x86.ActiveCfg = Debug|Any CPU
		{8FC2C017-3D3E-42BF-B773-877BD4DAA87C}.Debug|x86.Build.0 = Debug|Any CPU
		{8FC2C017-3D3E-42BF-B773-877BD4DAA87C}.Release|Any CPU.ActiveCfg = Release|Any CPU
		{8FC2C017-3D3E-42BF-B773-877BD4DAA87C}.Release|Any CPU.Build.0 = Release|Any CPU
		{8FC2C017-3D3E-42BF-B773-877BD4DAA87C}.Release|ARM.ActiveCfg = Release|Any CPU
		{8FC2C017-3D3E-42BF-B773-877BD4DAA87C}.Release|ARM.Build.0 = Release|Any CPU
		{8FC2C017-3D3E-42BF-B773-877BD4DAA87C}.Release|ARM64.ActiveCfg = Release|Any CPU
		{8FC2C017-3D3E-42BF-B773-877BD4DAA87C}.Release|ARM64.Build.0 = Release|Any CPU
		{8FC2C017-3D3E-42BF-B773-877BD4DAA87C}.Release|x64.ActiveCfg = Release|Any CPU
		{8FC2C017-3D3E-42BF-B773-877BD4DAA87C}.Release|x64.Build.0 = Release|Any CPU
		{8FC2C017-3D3E-42BF-B773-877BD4DAA87C}.Release|x86.ActiveCfg = Release|Any CPU
		{8FC2C017-3D3E-42BF-B773-877BD4DAA87C}.Release|x86.Build.0 = Release|Any CPU
		{D65B42EA-B407-4613-80A9-1E43CAB5DFDD}.Debug|Any CPU.ActiveCfg = Debug|Any CPU
		{D65B42EA-B407-4613-80A9-1E43CAB5DFDD}.Debug|Any CPU.Build.0 = Debug|Any CPU
		{D65B42EA-B407-4613-80A9-1E43CAB5DFDD}.Debug|ARM.ActiveCfg = Debug|Any CPU
		{D65B42EA-B407-4613-80A9-1E43CAB5DFDD}.Debug|ARM.Build.0 = Debug|Any CPU
		{D65B42EA-B407-4613-80A9-1E43CAB5DFDD}.Debug|ARM64.ActiveCfg = Debug|Any CPU
		{D65B42EA-B407-4613-80A9-1E43CAB5DFDD}.Debug|ARM64.Build.0 = Debug|Any CPU
		{D65B42EA-B407-4613-80A9-1E43CAB5DFDD}.Debug|x64.ActiveCfg = Debug|Any CPU
		{D65B42EA-B407-4613-80A9-1E43CAB5DFDD}.Debug|x64.Build.0 = Debug|Any CPU
		{D65B42EA-B407-4613-80A9-1E43CAB5DFDD}.Debug|x86.ActiveCfg = Debug|Any CPU
		{D65B42EA-B407-4613-80A9-1E43CAB5DFDD}.Debug|x86.Build.0 = Debug|Any CPU
		{D65B42EA-B407-4613-80A9-1E43CAB5DFDD}.Release|Any CPU.ActiveCfg = Release|Any CPU
		{D65B42EA-B407-4613-80A9-1E43CAB5DFDD}.Release|Any CPU.Build.0 = Release|Any CPU
		{D65B42EA-B407-4613-80A9-1E43CAB5DFDD}.Release|ARM.ActiveCfg = Release|Any CPU
		{D65B42EA-B407-4613-80A9-1E43CAB5DFDD}.Release|ARM.Build.0 = Release|Any CPU
		{D65B42EA-B407-4613-80A9-1E43CAB5DFDD}.Release|ARM64.ActiveCfg = Release|Any CPU
		{D65B42EA-B407-4613-80A9-1E43CAB5DFDD}.Release|ARM64.Build.0 = Release|Any CPU
		{D65B42EA-B407-4613-80A9-1E43CAB5DFDD}.Release|x64.ActiveCfg = Release|Any CPU
		{D65B42EA-B407-4613-80A9-1E43CAB5DFDD}.Release|x64.Build.0 = Release|Any CPU
		{D65B42EA-B407-4613-80A9-1E43CAB5DFDD}.Release|x86.ActiveCfg = Release|Any CPU
		{D65B42EA-B407-4613-80A9-1E43CAB5DFDD}.Release|x86.Build.0 = Release|Any CPU
		{285DD5B2-6311-4F5C-B531-EEFBB5250DA6}.Debug|Any CPU.ActiveCfg = Debug|Any CPU
		{285DD5B2-6311-4F5C-B531-EEFBB5250DA6}.Debug|Any CPU.Build.0 = Debug|Any CPU
		{285DD5B2-6311-4F5C-B531-EEFBB5250DA6}.Debug|ARM.ActiveCfg = Debug|Any CPU
		{285DD5B2-6311-4F5C-B531-EEFBB5250DA6}.Debug|ARM.Build.0 = Debug|Any CPU
		{285DD5B2-6311-4F5C-B531-EEFBB5250DA6}.Debug|ARM64.ActiveCfg = Debug|Any CPU
		{285DD5B2-6311-4F5C-B531-EEFBB5250DA6}.Debug|ARM64.Build.0 = Debug|Any CPU
		{285DD5B2-6311-4F5C-B531-EEFBB5250DA6}.Debug|x64.ActiveCfg = Debug|Any CPU
		{285DD5B2-6311-4F5C-B531-EEFBB5250DA6}.Debug|x64.Build.0 = Debug|Any CPU
		{285DD5B2-6311-4F5C-B531-EEFBB5250DA6}.Debug|x86.ActiveCfg = Debug|Any CPU
		{285DD5B2-6311-4F5C-B531-EEFBB5250DA6}.Debug|x86.Build.0 = Debug|Any CPU
		{285DD5B2-6311-4F5C-B531-EEFBB5250DA6}.Release|Any CPU.ActiveCfg = Release|Any CPU
		{285DD5B2-6311-4F5C-B531-EEFBB5250DA6}.Release|Any CPU.Build.0 = Release|Any CPU
		{285DD5B2-6311-4F5C-B531-EEFBB5250DA6}.Release|ARM.ActiveCfg = Release|Any CPU
		{285DD5B2-6311-4F5C-B531-EEFBB5250DA6}.Release|ARM.Build.0 = Release|Any CPU
		{285DD5B2-6311-4F5C-B531-EEFBB5250DA6}.Release|ARM64.ActiveCfg = Release|Any CPU
		{285DD5B2-6311-4F5C-B531-EEFBB5250DA6}.Release|ARM64.Build.0 = Release|Any CPU
		{285DD5B2-6311-4F5C-B531-EEFBB5250DA6}.Release|x64.ActiveCfg = Release|Any CPU
		{285DD5B2-6311-4F5C-B531-EEFBB5250DA6}.Release|x64.Build.0 = Release|Any CPU
		{285DD5B2-6311-4F5C-B531-EEFBB5250DA6}.Release|x86.ActiveCfg = Release|Any CPU
		{285DD5B2-6311-4F5C-B531-EEFBB5250DA6}.Release|x86.Build.0 = Release|Any CPU
		{00DC1902-A5F0-40AD-AB55-B947947563EC}.Debug|Any CPU.ActiveCfg = Debug|Any CPU
		{00DC1902-A5F0-40AD-AB55-B947947563EC}.Debug|Any CPU.Build.0 = Debug|Any CPU
		{00DC1902-A5F0-40AD-AB55-B947947563EC}.Debug|ARM.ActiveCfg = Debug|Any CPU
		{00DC1902-A5F0-40AD-AB55-B947947563EC}.Debug|ARM.Build.0 = Debug|Any CPU
		{00DC1902-A5F0-40AD-AB55-B947947563EC}.Debug|ARM64.ActiveCfg = Debug|Any CPU
		{00DC1902-A5F0-40AD-AB55-B947947563EC}.Debug|ARM64.Build.0 = Debug|Any CPU
		{00DC1902-A5F0-40AD-AB55-B947947563EC}.Debug|x64.ActiveCfg = Debug|Any CPU
		{00DC1902-A5F0-40AD-AB55-B947947563EC}.Debug|x64.Build.0 = Debug|Any CPU
		{00DC1902-A5F0-40AD-AB55-B947947563EC}.Debug|x86.ActiveCfg = Debug|Any CPU
		{00DC1902-A5F0-40AD-AB55-B947947563EC}.Debug|x86.Build.0 = Debug|Any CPU
		{00DC1902-A5F0-40AD-AB55-B947947563EC}.Release|Any CPU.ActiveCfg = Release|Any CPU
		{00DC1902-A5F0-40AD-AB55-B947947563EC}.Release|Any CPU.Build.0 = Release|Any CPU
		{00DC1902-A5F0-40AD-AB55-B947947563EC}.Release|ARM.ActiveCfg = Release|Any CPU
		{00DC1902-A5F0-40AD-AB55-B947947563EC}.Release|ARM.Build.0 = Release|Any CPU
		{00DC1902-A5F0-40AD-AB55-B947947563EC}.Release|ARM64.ActiveCfg = Release|Any CPU
		{00DC1902-A5F0-40AD-AB55-B947947563EC}.Release|ARM64.Build.0 = Release|Any CPU
		{00DC1902-A5F0-40AD-AB55-B947947563EC}.Release|x64.ActiveCfg = Release|Any CPU
		{00DC1902-A5F0-40AD-AB55-B947947563EC}.Release|x64.Build.0 = Release|Any CPU
		{00DC1902-A5F0-40AD-AB55-B947947563EC}.Release|x86.ActiveCfg = Release|Any CPU
		{00DC1902-A5F0-40AD-AB55-B947947563EC}.Release|x86.Build.0 = Release|Any CPU
		{9E12D8FA-DF98-4DBC-B2B0-CA3A31B7C43D}.Debug|Any CPU.ActiveCfg = Debug|Any CPU
		{9E12D8FA-DF98-4DBC-B2B0-CA3A31B7C43D}.Debug|Any CPU.Build.0 = Debug|Any CPU
		{9E12D8FA-DF98-4DBC-B2B0-CA3A31B7C43D}.Debug|ARM.ActiveCfg = Debug|Any CPU
		{9E12D8FA-DF98-4DBC-B2B0-CA3A31B7C43D}.Debug|ARM.Build.0 = Debug|Any CPU
		{9E12D8FA-DF98-4DBC-B2B0-CA3A31B7C43D}.Debug|ARM64.ActiveCfg = Debug|Any CPU
		{9E12D8FA-DF98-4DBC-B2B0-CA3A31B7C43D}.Debug|ARM64.Build.0 = Debug|Any CPU
		{9E12D8FA-DF98-4DBC-B2B0-CA3A31B7C43D}.Debug|x64.ActiveCfg = Debug|Any CPU
		{9E12D8FA-DF98-4DBC-B2B0-CA3A31B7C43D}.Debug|x64.Build.0 = Debug|Any CPU
		{9E12D8FA-DF98-4DBC-B2B0-CA3A31B7C43D}.Debug|x86.ActiveCfg = Debug|Any CPU
		{9E12D8FA-DF98-4DBC-B2B0-CA3A31B7C43D}.Debug|x86.Build.0 = Debug|Any CPU
		{9E12D8FA-DF98-4DBC-B2B0-CA3A31B7C43D}.Release|Any CPU.ActiveCfg = Release|Any CPU
		{9E12D8FA-DF98-4DBC-B2B0-CA3A31B7C43D}.Release|Any CPU.Build.0 = Release|Any CPU
		{9E12D8FA-DF98-4DBC-B2B0-CA3A31B7C43D}.Release|ARM.ActiveCfg = Release|Any CPU
		{9E12D8FA-DF98-4DBC-B2B0-CA3A31B7C43D}.Release|ARM.Build.0 = Release|Any CPU
		{9E12D8FA-DF98-4DBC-B2B0-CA3A31B7C43D}.Release|ARM64.ActiveCfg = Release|Any CPU
		{9E12D8FA-DF98-4DBC-B2B0-CA3A31B7C43D}.Release|ARM64.Build.0 = Release|Any CPU
		{9E12D8FA-DF98-4DBC-B2B0-CA3A31B7C43D}.Release|x64.ActiveCfg = Release|Any CPU
		{9E12D8FA-DF98-4DBC-B2B0-CA3A31B7C43D}.Release|x64.Build.0 = Release|Any CPU
		{9E12D8FA-DF98-4DBC-B2B0-CA3A31B7C43D}.Release|x86.ActiveCfg = Release|Any CPU
		{9E12D8FA-DF98-4DBC-B2B0-CA3A31B7C43D}.Release|x86.Build.0 = Release|Any CPU
		{9574C055-B129-4649-BB7A-9016E41B358D}.Debug|Any CPU.ActiveCfg = Debug|Any CPU
		{9574C055-B129-4649-BB7A-9016E41B358D}.Debug|Any CPU.Build.0 = Debug|Any CPU
		{9574C055-B129-4649-BB7A-9016E41B358D}.Debug|ARM.ActiveCfg = Debug|Any CPU
		{9574C055-B129-4649-BB7A-9016E41B358D}.Debug|ARM.Build.0 = Debug|Any CPU
		{9574C055-B129-4649-BB7A-9016E41B358D}.Debug|ARM64.ActiveCfg = Debug|Any CPU
		{9574C055-B129-4649-BB7A-9016E41B358D}.Debug|ARM64.Build.0 = Debug|Any CPU
		{9574C055-B129-4649-BB7A-9016E41B358D}.Debug|x64.ActiveCfg = Debug|Any CPU
		{9574C055-B129-4649-BB7A-9016E41B358D}.Debug|x64.Build.0 = Debug|Any CPU
		{9574C055-B129-4649-BB7A-9016E41B358D}.Debug|x86.ActiveCfg = Debug|Any CPU
		{9574C055-B129-4649-BB7A-9016E41B358D}.Debug|x86.Build.0 = Debug|Any CPU
		{9574C055-B129-4649-BB7A-9016E41B358D}.Release|Any CPU.ActiveCfg = Release|Any CPU
		{9574C055-B129-4649-BB7A-9016E41B358D}.Release|Any CPU.Build.0 = Release|Any CPU
		{9574C055-B129-4649-BB7A-9016E41B358D}.Release|ARM.ActiveCfg = Release|Any CPU
		{9574C055-B129-4649-BB7A-9016E41B358D}.Release|ARM.Build.0 = Release|Any CPU
		{9574C055-B129-4649-BB7A-9016E41B358D}.Release|ARM64.ActiveCfg = Release|Any CPU
		{9574C055-B129-4649-BB7A-9016E41B358D}.Release|ARM64.Build.0 = Release|Any CPU
		{9574C055-B129-4649-BB7A-9016E41B358D}.Release|x64.ActiveCfg = Release|Any CPU
		{9574C055-B129-4649-BB7A-9016E41B358D}.Release|x64.Build.0 = Release|Any CPU
		{9574C055-B129-4649-BB7A-9016E41B358D}.Release|x86.ActiveCfg = Release|Any CPU
		{9574C055-B129-4649-BB7A-9016E41B358D}.Release|x86.Build.0 = Release|Any CPU
	EndGlobalSection
	GlobalSection(SolutionProperties) = preSolution
		HideSolutionNode = FALSE
	EndGlobalSection
	GlobalSection(ExtensibilityGlobals) = postSolution
		SolutionGuid = {1B486166-7EAD-4866-BCD8-F7C501A29405}
	EndGlobalSection
EndGlobal
