
Microsoft Visual Studio Solution File, Format Version 12.00
# Visual Studio Version 16
VisualStudioVersion = 16.6.30114.105
MinimumVisualStudioVersion = 10.0.40219.1
Project("{9A19103F-16F7-4668-BE54-9A1E7A4F7556}") = "Maestro", "Maestro\Maestro.csproj", "{A5DC0C41-0E31-4737-B875-63020AB99F5D}"
EndProject
Project("{9A19103F-16F7-4668-BE54-9A1E7A4F7556}") = "Maestro.Server", "Maestro.Server\Maestro.Server.csproj", "{7FFB75DB-6A36-4A87-AC3C-24D5F6CA646D}"
EndProject
Project("{9A19103F-16F7-4668-BE54-9A1E7A4F7556}") = "Maestro.Client", "Maestro.Client\Maestro.Client.csproj", "{F9C5B9D8-3DB7-4DB9-8B82-053E993ECF6A}"
EndProject
Project("{9A19103F-16F7-4668-BE54-9A1E7A4F7556}") = "MaestroDeviceDaemon", "MaestroDeviceDaemon\MaestroDeviceDaemon.csproj", "{EB30BFD7-8241-4FC1-A629-23FC11B2BEE7}"
EndProject
Project("{9A19103F-16F7-4668-BE54-9A1E7A4F7556}") = "Maestro.Console", "Maestro.Console\Maestro.Console.csproj", "{BEFF50DD-FBD4-42CC-BFF0-53CD5EF2EB66}"
EndProject
Project("{9A19103F-16F7-4668-BE54-9A1E7A4F7556}") = "Maestro.Server.Gpio", "Maestro.Server.Gpio\Maestro.Server.Gpio.csproj", "{595FA467-38F5-405A-83EE-24B05591F1AF}"
EndProject
Project("{2150E333-8FDC-42A3-9474-1A3956D46DE8}") = "Commander", "Commander", "{5A8EE9F0-AFDF-4722-91CF-050C5C90EFD9}"
EndProject
Project("{9A19103F-16F7-4668-BE54-9A1E7A4F7556}") = "MaestroCommander", "MaestroCommander\MaestroCommander.csproj", "{A58696C8-2BA4-4BB7-85C4-996DC82799E6}"
EndProject
Project("{9A19103F-16F7-4668-BE54-9A1E7A4F7556}") = "MaestroCommander.Windows", "MaestroCommander.Windows\MaestroCommander.Windows.csproj", "{DE7D68F5-D13F-4FC6-9FF1-7E10D84185F2}"
EndProject
Project("{FAE04EC0-301F-11D3-BF4B-00C04F79EFBC}") = "MaestroCommander.Wiindows.InputBroker", "MaestroCommander.Wiindows.InputBroker\MaestroCommander.Wiindows.InputBroker.csproj", "{A765BB26-ED2A-442C-9458-44CCDD03ED9B}"
EndProject
Project("{2150E333-8FDC-42A3-9474-1A3956D46DE8}") = "Vst", "Vst", "{2FB533D9-6A91-4FD2-A64F-3C2F4FCF547C}"
EndProject
Project("{9A19103F-16F7-4668-BE54-9A1E7A4F7556}") = "Maestro.Plugin", "Maestro.Plugin\Maestro.Plugin.csproj", "{1DCA2420-805D-4AE3-8E5F-CB270C8155E4}"
EndProject
Project("{FAE04EC0-301F-11D3-BF4B-00C04F79EFBC}") = "MaestroConductor", "MaestroConductor\MaestroConductor.csproj", "{17CB2988-444A-4411-A9F2-AAB723DCA808}"
EndProject
Global
	GlobalSection(SolutionConfigurationPlatforms) = preSolution
		Debug|Any CPU = Debug|Any CPU
		Debug|ARM = Debug|ARM
		Debug|ARM64 = Debug|ARM64
		Debug|x64 = Debug|x64
		Debug|x86 = Debug|x86
		Release|Any CPU = Release|Any CPU
		Release|ARM = Release|ARM
		Release|ARM64 = Release|ARM64
		Release|x64 = Release|x64
		Release|x86 = Release|x86
	EndGlobalSection
	GlobalSection(ProjectConfigurationPlatforms) = postSolution
		{A5DC0C41-0E31-4737-B875-63020AB99F5D}.Debug|Any CPU.ActiveCfg = Debug|Any CPU
		{A5DC0C41-0E31-4737-B875-63020AB99F5D}.Debug|Any CPU.Build.0 = Debug|Any CPU
		{A5DC0C41-0E31-4737-B875-63020AB99F5D}.Debug|ARM.ActiveCfg = Debug|Any CPU
		{A5DC0C41-0E31-4737-B875-63020AB99F5D}.Debug|ARM.Build.0 = Debug|Any CPU
		{A5DC0C41-0E31-4737-B875-63020AB99F5D}.Debug|ARM64.ActiveCfg = Debug|Any CPU
		{A5DC0C41-0E31-4737-B875-63020AB99F5D}.Debug|ARM64.Build.0 = Debug|Any CPU
		{A5DC0C41-0E31-4737-B875-63020AB99F5D}.Debug|x64.ActiveCfg = Debug|Any CPU
		{A5DC0C41-0E31-4737-B875-63020AB99F5D}.Debug|x64.Build.0 = Debug|Any CPU
		{A5DC0C41-0E31-4737-B875-63020AB99F5D}.Debug|x86.ActiveCfg = Debug|Any CPU
		{A5DC0C41-0E31-4737-B875-63020AB99F5D}.Debug|x86.Build.0 = Debug|Any CPU
		{A5DC0C41-0E31-4737-B875-63020AB99F5D}.Release|Any CPU.ActiveCfg = Release|Any CPU
		{A5DC0C41-0E31-4737-B875-63020AB99F5D}.Release|Any CPU.Build.0 = Release|Any CPU
		{A5DC0C41-0E31-4737-B875-63020AB99F5D}.Release|ARM.ActiveCfg = Release|Any CPU
		{A5DC0C41-0E31-4737-B875-63020AB99F5D}.Release|ARM.Build.0 = Release|Any CPU
		{A5DC0C41-0E31-4737-B875-63020AB99F5D}.Release|ARM64.ActiveCfg = Release|Any CPU
		{A5DC0C41-0E31-4737-B875-63020AB99F5D}.Release|ARM64.Build.0 = Release|Any CPU
		{A5DC0C41-0E31-4737-B875-63020AB99F5D}.Release|x64.ActiveCfg = Release|Any CPU
		{A5DC0C41-0E31-4737-B875-63020AB99F5D}.Release|x64.Build.0 = Release|Any CPU
		{A5DC0C41-0E31-4737-B875-63020AB99F5D}.Release|x86.ActiveCfg = Release|Any CPU
		{A5DC0C41-0E31-4737-B875-63020AB99F5D}.Release|x86.Build.0 = Release|Any CPU
		{7FFB75DB-6A36-4A87-AC3C-24D5F6CA646D}.Debug|Any CPU.ActiveCfg = Debug|Any CPU
		{7FFB75DB-6A36-4A87-AC3C-24D5F6CA646D}.Debug|Any CPU.Build.0 = Debug|Any CPU
		{7FFB75DB-6A36-4A87-AC3C-24D5F6CA646D}.Debug|ARM.ActiveCfg = Debug|Any CPU
		{7FFB75DB-6A36-4A87-AC3C-24D5F6CA646D}.Debug|ARM.Build.0 = Debug|Any CPU
		{7FFB75DB-6A36-4A87-AC3C-24D5F6CA646D}.Debug|ARM64.ActiveCfg = Debug|Any CPU
		{7FFB75DB-6A36-4A87-AC3C-24D5F6CA646D}.Debug|ARM64.Build.0 = Debug|Any CPU
		{7FFB75DB-6A36-4A87-AC3C-24D5F6CA646D}.Debug|x64.ActiveCfg = Debug|Any CPU
		{7FFB75DB-6A36-4A87-AC3C-24D5F6CA646D}.Debug|x64.Build.0 = Debug|Any CPU
		{7FFB75DB-6A36-4A87-AC3C-24D5F6CA646D}.Debug|x86.ActiveCfg = Debug|Any CPU
		{7FFB75DB-6A36-4A87-AC3C-24D5F6CA646D}.Debug|x86.Build.0 = Debug|Any CPU
		{7FFB75DB-6A36-4A87-AC3C-24D5F6CA646D}.Release|Any CPU.ActiveCfg = Release|Any CPU
		{7FFB75DB-6A36-4A87-AC3C-24D5F6CA646D}.Release|Any CPU.Build.0 = Release|Any CPU
		{7FFB75DB-6A36-4A87-AC3C-24D5F6CA646D}.Release|ARM.ActiveCfg = Release|Any CPU
		{7FFB75DB-6A36-4A87-AC3C-24D5F6CA646D}.Release|ARM.Build.0 = Release|Any CPU
		{7FFB75DB-6A36-4A87-AC3C-24D5F6CA646D}.Release|ARM64.ActiveCfg = Release|Any CPU
		{7FFB75DB-6A36-4A87-AC3C-24D5F6CA646D}.Release|ARM64.Build.0 = Release|Any CPU
		{7FFB75DB-6A36-4A87-AC3C-24D5F6CA646D}.Release|x64.ActiveCfg = Release|Any CPU
		{7FFB75DB-6A36-4A87-AC3C-24D5F6CA646D}.Release|x64.Build.0 = Release|Any CPU
		{7FFB75DB-6A36-4A87-AC3C-24D5F6CA646D}.Release|x86.ActiveCfg = Release|Any CPU
		{7FFB75DB-6A36-4A87-AC3C-24D5F6CA646D}.Release|x86.Build.0 = Release|Any CPU
		{F9C5B9D8-3DB7-4DB9-8B82-053E993ECF6A}.Debug|Any CPU.ActiveCfg = Debug|Any CPU
		{F9C5B9D8-3DB7-4DB9-8B82-053E993ECF6A}.Debug|Any CPU.Build.0 = Debug|Any CPU
		{F9C5B9D8-3DB7-4DB9-8B82-053E993ECF6A}.Debug|ARM.ActiveCfg = Debug|Any CPU
		{F9C5B9D8-3DB7-4DB9-8B82-053E993ECF6A}.Debug|ARM.Build.0 = Debug|Any CPU
		{F9C5B9D8-3DB7-4DB9-8B82-053E993ECF6A}.Debug|ARM64.ActiveCfg = Debug|Any CPU
		{F9C5B9D8-3DB7-4DB9-8B82-053E993ECF6A}.Debug|ARM64.Build.0 = Debug|Any CPU
		{F9C5B9D8-3DB7-4DB9-8B82-053E993ECF6A}.Debug|x64.ActiveCfg = Debug|Any CPU
		{F9C5B9D8-3DB7-4DB9-8B82-053E993ECF6A}.Debug|x64.Build.0 = Debug|Any CPU
		{F9C5B9D8-3DB7-4DB9-8B82-053E993ECF6A}.Debug|x86.ActiveCfg = Debug|Any CPU
		{F9C5B9D8-3DB7-4DB9-8B82-053E993ECF6A}.Debug|x86.Build.0 = Debug|Any CPU
		{F9C5B9D8-3DB7-4DB9-8B82-053E993ECF6A}.Release|Any CPU.ActiveCfg = Release|Any CPU
		{F9C5B9D8-3DB7-4DB9-8B82-053E993ECF6A}.Release|Any CPU.Build.0 = Release|Any CPU
		{F9C5B9D8-3DB7-4DB9-8B82-053E993ECF6A}.Release|ARM.ActiveCfg = Release|Any CPU
		{F9C5B9D8-3DB7-4DB9-8B82-053E993ECF6A}.Release|ARM.Build.0 = Release|Any CPU
		{F9C5B9D8-3DB7-4DB9-8B82-053E993ECF6A}.Release|ARM64.ActiveCfg = Release|Any CPU
		{F9C5B9D8-3DB7-4DB9-8B82-053E993ECF6A}.Release|ARM64.Build.0 = Release|Any CPU
		{F9C5B9D8-3DB7-4DB9-8B82-053E993ECF6A}.Release|x64.ActiveCfg = Release|Any CPU
		{F9C5B9D8-3DB7-4DB9-8B82-053E993ECF6A}.Release|x64.Build.0 = Release|Any CPU
		{F9C5B9D8-3DB7-4DB9-8B82-053E993ECF6A}.Release|x86.ActiveCfg = Release|Any CPU
		{F9C5B9D8-3DB7-4DB9-8B82-053E993ECF6A}.Release|x86.Build.0 = Release|Any CPU
		{EB30BFD7-8241-4FC1-A629-23FC11B2BEE7}.Debug|Any CPU.ActiveCfg = Debug|Any CPU
		{EB30BFD7-8241-4FC1-A629-23FC11B2BEE7}.Debug|Any CPU.Build.0 = Debug|Any CPU
		{EB30BFD7-8241-4FC1-A629-23FC11B2BEE7}.Debug|ARM.ActiveCfg = Debug|Any CPU
		{EB30BFD7-8241-4FC1-A629-23FC11B2BEE7}.Debug|ARM.Build.0 = Debug|Any CPU
		{EB30BFD7-8241-4FC1-A629-23FC11B2BEE7}.Debug|ARM64.ActiveCfg = Debug|Any CPU
		{EB30BFD7-8241-4FC1-A629-23FC11B2BEE7}.Debug|ARM64.Build.0 = Debug|Any CPU
		{EB30BFD7-8241-4FC1-A629-23FC11B2BEE7}.Debug|x64.ActiveCfg = Debug|Any CPU
		{EB30BFD7-8241-4FC1-A629-23FC11B2BEE7}.Debug|x64.Build.0 = Debug|Any CPU
		{EB30BFD7-8241-4FC1-A629-23FC11B2BEE7}.Debug|x86.ActiveCfg = Debug|Any CPU
		{EB30BFD7-8241-4FC1-A629-23FC11B2BEE7}.Debug|x86.Build.0 = Debug|Any CPU
		{EB30BFD7-8241-4FC1-A629-23FC11B2BEE7}.Release|Any CPU.ActiveCfg = Release|Any CPU
		{EB30BFD7-8241-4FC1-A629-23FC11B2BEE7}.Release|Any CPU.Build.0 = Release|Any CPU
		{EB30BFD7-8241-4FC1-A629-23FC11B2BEE7}.Release|ARM.ActiveCfg = Release|Any CPU
		{EB30BFD7-8241-4FC1-A629-23FC11B2BEE7}.Release|ARM.Build.0 = Release|Any CPU
		{EB30BFD7-8241-4FC1-A629-23FC11B2BEE7}.Release|ARM64.ActiveCfg = Release|Any CPU
		{EB30BFD7-8241-4FC1-A629-23FC11B2BEE7}.Release|ARM64.Build.0 = Release|Any CPU
		{EB30BFD7-8241-4FC1-A629-23FC11B2BEE7}.Release|x64.ActiveCfg = Release|Any CPU
		{EB30BFD7-8241-4FC1-A629-23FC11B2BEE7}.Release|x64.Build.0 = Release|Any CPU
		{EB30BFD7-8241-4FC1-A629-23FC11B2BEE7}.Release|x86.ActiveCfg = Release|Any CPU
		{EB30BFD7-8241-4FC1-A629-23FC11B2BEE7}.Release|x86.Build.0 = Release|Any CPU
		{BEFF50DD-FBD4-42CC-BFF0-53CD5EF2EB66}.Debug|Any CPU.ActiveCfg = Debug|Any CPU
		{BEFF50DD-FBD4-42CC-BFF0-53CD5EF2EB66}.Debug|Any CPU.Build.0 = Debug|Any CPU
		{BEFF50DD-FBD4-42CC-BFF0-53CD5EF2EB66}.Debug|ARM.ActiveCfg = Debug|Any CPU
		{BEFF50DD-FBD4-42CC-BFF0-53CD5EF2EB66}.Debug|ARM.Build.0 = Debug|Any CPU
		{BEFF50DD-FBD4-42CC-BFF0-53CD5EF2EB66}.Debug|ARM64.ActiveCfg = Debug|Any CPU
		{BEFF50DD-FBD4-42CC-BFF0-53CD5EF2EB66}.Debug|ARM64.Build.0 = Debug|Any CPU
		{BEFF50DD-FBD4-42CC-BFF0-53CD5EF2EB66}.Debug|x64.ActiveCfg = Debug|Any CPU
		{BEFF50DD-FBD4-42CC-BFF0-53CD5EF2EB66}.Debug|x64.Build.0 = Debug|Any CPU
		{BEFF50DD-FBD4-42CC-BFF0-53CD5EF2EB66}.Debug|x86.ActiveCfg = Debug|Any CPU
		{BEFF50DD-FBD4-42CC-BFF0-53CD5EF2EB66}.Debug|x86.Build.0 = Debug|Any CPU
		{BEFF50DD-FBD4-42CC-BFF0-53CD5EF2EB66}.Release|Any CPU.ActiveCfg = Release|Any CPU
		{BEFF50DD-FBD4-42CC-BFF0-53CD5EF2EB66}.Release|Any CPU.Build.0 = Release|Any CPU
		{BEFF50DD-FBD4-42CC-BFF0-53CD5EF2EB66}.Release|ARM.ActiveCfg = Release|Any CPU
		{BEFF50DD-FBD4-42CC-BFF0-53CD5EF2EB66}.Release|ARM.Build.0 = Release|Any CPU
		{BEFF50DD-FBD4-42CC-BFF0-53CD5EF2EB66}.Release|ARM64.ActiveCfg = Release|Any CPU
		{BEFF50DD-FBD4-42CC-BFF0-53CD5EF2EB66}.Release|ARM64.Build.0 = Release|Any CPU
		{BEFF50DD-FBD4-42CC-BFF0-53CD5EF2EB66}.Release|x64.ActiveCfg = Release|Any CPU
		{BEFF50DD-FBD4-42CC-BFF0-53CD5EF2EB66}.Release|x64.Build.0 = Release|Any CPU
		{BEFF50DD-FBD4-42CC-BFF0-53CD5EF2EB66}.Release|x86.ActiveCfg = Release|Any CPU
		{BEFF50DD-FBD4-42CC-BFF0-53CD5EF2EB66}.Release|x86.Build.0 = Release|Any CPU
		{595FA467-38F5-405A-83EE-24B05591F1AF}.Debug|Any CPU.ActiveCfg = Debug|Any CPU
		{595FA467-38F5-405A-83EE-24B05591F1AF}.Debug|Any CPU.Build.0 = Debug|Any CPU
		{595FA467-38F5-405A-83EE-24B05591F1AF}.Debug|ARM.ActiveCfg = Debug|Any CPU
		{595FA467-38F5-405A-83EE-24B05591F1AF}.Debug|ARM.Build.0 = Debug|Any CPU
		{595FA467-38F5-405A-83EE-24B05591F1AF}.Debug|ARM64.ActiveCfg = Debug|Any CPU
		{595FA467-38F5-405A-83EE-24B05591F1AF}.Debug|ARM64.Build.0 = Debug|Any CPU
		{595FA467-38F5-405A-83EE-24B05591F1AF}.Debug|x64.ActiveCfg = Debug|Any CPU
		{595FA467-38F5-405A-83EE-24B05591F1AF}.Debug|x64.Build.0 = Debug|Any CPU
		{595FA467-38F5-405A-83EE-24B05591F1AF}.Debug|x86.ActiveCfg = Debug|Any CPU
		{595FA467-38F5-405A-83EE-24B05591F1AF}.Debug|x86.Build.0 = Debug|Any CPU
		{595FA467-38F5-405A-83EE-24B05591F1AF}.Release|Any CPU.ActiveCfg = Release|Any CPU
		{595FA467-38F5-405A-83EE-24B05591F1AF}.Release|Any CPU.Build.0 = Release|Any CPU
		{595FA467-38F5-405A-83EE-24B05591F1AF}.Release|ARM.ActiveCfg = Release|Any CPU
		{595FA467-38F5-405A-83EE-24B05591F1AF}.Release|ARM.Build.0 = Release|Any CPU
		{595FA467-38F5-405A-83EE-24B05591F1AF}.Release|ARM64.ActiveCfg = Release|Any CPU
		{595FA467-38F5-405A-83EE-24B05591F1AF}.Release|ARM64.Build.0 = Release|Any CPU
		{595FA467-38F5-405A-83EE-24B05591F1AF}.Release|x64.ActiveCfg = Release|Any CPU
		{595FA467-38F5-405A-83EE-24B05591F1AF}.Release|x64.Build.0 = Release|Any CPU
		{595FA467-38F5-405A-83EE-24B05591F1AF}.Release|x86.ActiveCfg = Release|Any CPU
		{595FA467-38F5-405A-83EE-24B05591F1AF}.Release|x86.Build.0 = Release|Any CPU
		{A58696C8-2BA4-4BB7-85C4-996DC82799E6}.Debug|Any CPU.ActiveCfg = Debug|Any CPU
		{A58696C8-2BA4-4BB7-85C4-996DC82799E6}.Debug|Any CPU.Build.0 = Debug|Any CPU
		{A58696C8-2BA4-4BB7-85C4-996DC82799E6}.Debug|ARM.ActiveCfg = Debug|Any CPU
		{A58696C8-2BA4-4BB7-85C4-996DC82799E6}.Debug|ARM.Build.0 = Debug|Any CPU
		{A58696C8-2BA4-4BB7-85C4-996DC82799E6}.Debug|ARM64.ActiveCfg = Debug|Any CPU
		{A58696C8-2BA4-4BB7-85C4-996DC82799E6}.Debug|ARM64.Build.0 = Debug|Any CPU
		{A58696C8-2BA4-4BB7-85C4-996DC82799E6}.Debug|x64.ActiveCfg = Debug|Any CPU
		{A58696C8-2BA4-4BB7-85C4-996DC82799E6}.Debug|x64.Build.0 = Debug|Any CPU
		{A58696C8-2BA4-4BB7-85C4-996DC82799E6}.Debug|x86.ActiveCfg = Debug|Any CPU
		{A58696C8-2BA4-4BB7-85C4-996DC82799E6}.Debug|x86.Build.0 = Debug|Any CPU
		{A58696C8-2BA4-4BB7-85C4-996DC82799E6}.Release|Any CPU.ActiveCfg = Release|Any CPU
		{A58696C8-2BA4-4BB7-85C4-996DC82799E6}.Release|Any CPU.Build.0 = Release|Any CPU
		{A58696C8-2BA4-4BB7-85C4-996DC82799E6}.Release|ARM.ActiveCfg = Release|Any CPU
		{A58696C8-2BA4-4BB7-85C4-996DC82799E6}.Release|ARM.Build.0 = Release|Any CPU
		{A58696C8-2BA4-4BB7-85C4-996DC82799E6}.Release|ARM64.ActiveCfg = Release|Any CPU
		{A58696C8-2BA4-4BB7-85C4-996DC82799E6}.Release|ARM64.Build.0 = Release|Any CPU
		{A58696C8-2BA4-4BB7-85C4-996DC82799E6}.Release|x64.ActiveCfg = Release|Any CPU
		{A58696C8-2BA4-4BB7-85C4-996DC82799E6}.Release|x64.Build.0 = Release|Any CPU
		{A58696C8-2BA4-4BB7-85C4-996DC82799E6}.Release|x86.ActiveCfg = Release|Any CPU
		{A58696C8-2BA4-4BB7-85C4-996DC82799E6}.Release|x86.Build.0 = Release|Any CPU
		{DE7D68F5-D13F-4FC6-9FF1-7E10D84185F2}.Debug|Any CPU.ActiveCfg = Debug|Any CPU
		{DE7D68F5-D13F-4FC6-9FF1-7E10D84185F2}.Debug|Any CPU.Build.0 = Debug|Any CPU
		{DE7D68F5-D13F-4FC6-9FF1-7E10D84185F2}.Debug|ARM.ActiveCfg = Debug|Any CPU
		{DE7D68F5-D13F-4FC6-9FF1-7E10D84185F2}.Debug|ARM.Build.0 = Debug|Any CPU
		{DE7D68F5-D13F-4FC6-9FF1-7E10D84185F2}.Debug|ARM64.ActiveCfg = Debug|Any CPU
		{DE7D68F5-D13F-4FC6-9FF1-7E10D84185F2}.Debug|ARM64.Build.0 = Debug|Any CPU
		{DE7D68F5-D13F-4FC6-9FF1-7E10D84185F2}.Debug|x64.ActiveCfg = Debug|Any CPU
		{DE7D68F5-D13F-4FC6-9FF1-7E10D84185F2}.Debug|x64.Build.0 = Debug|Any CPU
		{DE7D68F5-D13F-4FC6-9FF1-7E10D84185F2}.Debug|x86.ActiveCfg = Debug|Any CPU
		{DE7D68F5-D13F-4FC6-9FF1-7E10D84185F2}.Debug|x86.Build.0 = Debug|Any CPU
		{DE7D68F5-D13F-4FC6-9FF1-7E10D84185F2}.Release|Any CPU.ActiveCfg = Release|Any CPU
		{DE7D68F5-D13F-4FC6-9FF1-7E10D84185F2}.Release|Any CPU.Build.0 = Release|Any CPU
		{DE7D68F5-D13F-4FC6-9FF1-7E10D84185F2}.Release|ARM.ActiveCfg = Release|Any CPU
		{DE7D68F5-D13F-4FC6-9FF1-7E10D84185F2}.Release|ARM.Build.0 = Release|Any CPU
		{DE7D68F5-D13F-4FC6-9FF1-7E10D84185F2}.Release|ARM64.ActiveCfg = Release|Any CPU
		{DE7D68F5-D13F-4FC6-9FF1-7E10D84185F2}.Release|ARM64.Build.0 = Release|Any CPU
		{DE7D68F5-D13F-4FC6-9FF1-7E10D84185F2}.Release|x64.ActiveCfg = Release|Any CPU
		{DE7D68F5-D13F-4FC6-9FF1-7E10D84185F2}.Release|x64.Build.0 = Release|Any CPU
		{DE7D68F5-D13F-4FC6-9FF1-7E10D84185F2}.Release|x86.ActiveCfg = Release|Any CPU
		{DE7D68F5-D13F-4FC6-9FF1-7E10D84185F2}.Release|x86.Build.0 = Release|Any CPU
		{A765BB26-ED2A-442C-9458-44CCDD03ED9B}.Debug|Any CPU.ActiveCfg = Debug|x86
		{A765BB26-ED2A-442C-9458-44CCDD03ED9B}.Debug|Any CPU.Build.0 = Debug|x86
		{A765BB26-ED2A-442C-9458-44CCDD03ED9B}.Debug|Any CPU.Deploy.0 = Debug|x86
		{A765BB26-ED2A-442C-9458-44CCDD03ED9B}.Debug|ARM.ActiveCfg = Debug|ARM
		{A765BB26-ED2A-442C-9458-44CCDD03ED9B}.Debug|ARM.Build.0 = Debug|ARM
		{A765BB26-ED2A-442C-9458-44CCDD03ED9B}.Debug|ARM.Deploy.0 = Debug|ARM
		{A765BB26-ED2A-442C-9458-44CCDD03ED9B}.Debug|ARM64.ActiveCfg = Debug|ARM64
		{A765BB26-ED2A-442C-9458-44CCDD03ED9B}.Debug|ARM64.Build.0 = Debug|ARM64
		{A765BB26-ED2A-442C-9458-44CCDD03ED9B}.Debug|ARM64.Deploy.0 = Debug|ARM64
		{A765BB26-ED2A-442C-9458-44CCDD03ED9B}.Debug|x64.ActiveCfg = Debug|x64
		{A765BB26-ED2A-442C-9458-44CCDD03ED9B}.Debug|x64.Build.0 = Debug|x64
		{A765BB26-ED2A-442C-9458-44CCDD03ED9B}.Debug|x64.Deploy.0 = Debug|x64
		{A765BB26-ED2A-442C-9458-44CCDD03ED9B}.Debug|x86.ActiveCfg = Debug|x86
		{A765BB26-ED2A-442C-9458-44CCDD03ED9B}.Debug|x86.Build.0 = Debug|x86
		{A765BB26-ED2A-442C-9458-44CCDD03ED9B}.Debug|x86.Deploy.0 = Debug|x86
		{A765BB26-ED2A-442C-9458-44CCDD03ED9B}.Release|Any CPU.ActiveCfg = Release|x86
		{A765BB26-ED2A-442C-9458-44CCDD03ED9B}.Release|ARM.ActiveCfg = Release|ARM
		{A765BB26-ED2A-442C-9458-44CCDD03ED9B}.Release|ARM.Build.0 = Release|ARM
		{A765BB26-ED2A-442C-9458-44CCDD03ED9B}.Release|ARM.Deploy.0 = Release|ARM
		{A765BB26-ED2A-442C-9458-44CCDD03ED9B}.Release|ARM64.ActiveCfg = Release|ARM64
		{A765BB26-ED2A-442C-9458-44CCDD03ED9B}.Release|ARM64.Build.0 = Release|ARM64
		{A765BB26-ED2A-442C-9458-44CCDD03ED9B}.Release|ARM64.Deploy.0 = Release|ARM64
		{A765BB26-ED2A-442C-9458-44CCDD03ED9B}.Release|x64.ActiveCfg = Release|x64
		{A765BB26-ED2A-442C-9458-44CCDD03ED9B}.Release|x64.Build.0 = Release|x64
		{A765BB26-ED2A-442C-9458-44CCDD03ED9B}.Release|x64.Deploy.0 = Release|x64
		{A765BB26-ED2A-442C-9458-44CCDD03ED9B}.Release|x86.ActiveCfg = Release|x86
		{A765BB26-ED2A-442C-9458-44CCDD03ED9B}.Release|x86.Build.0 = Release|x86
		{A765BB26-ED2A-442C-9458-44CCDD03ED9B}.Release|x86.Deploy.0 = Release|x86
		{1DCA2420-805D-4AE3-8E5F-CB270C8155E4}.Debug|Any CPU.ActiveCfg = Debug|Any CPU
		{1DCA2420-805D-4AE3-8E5F-CB270C8155E4}.Debug|Any CPU.Build.0 = Debug|Any CPU
		{1DCA2420-805D-4AE3-8E5F-CB270C8155E4}.Debug|ARM.ActiveCfg = Debug|Any CPU
		{1DCA2420-805D-4AE3-8E5F-CB270C8155E4}.Debug|ARM.Build.0 = Debug|Any CPU
		{1DCA2420-805D-4AE3-8E5F-CB270C8155E4}.Debug|ARM64.ActiveCfg = Debug|Any CPU
		{1DCA2420-805D-4AE3-8E5F-CB270C8155E4}.Debug|ARM64.Build.0 = Debug|Any CPU
		{1DCA2420-805D-4AE3-8E5F-CB270C8155E4}.Debug|x64.ActiveCfg = Debug|Any CPU
		{1DCA2420-805D-4AE3-8E5F-CB270C8155E4}.Debug|x64.Build.0 = Debug|Any CPU
		{1DCA2420-805D-4AE3-8E5F-CB270C8155E4}.Debug|x86.ActiveCfg = Debug|Any CPU
		{1DCA2420-805D-4AE3-8E5F-CB270C8155E4}.Debug|x86.Build.0 = Debug|Any CPU
		{1DCA2420-805D-4AE3-8E5F-CB270C8155E4}.Release|Any CPU.ActiveCfg = Release|Any CPU
		{1DCA2420-805D-4AE3-8E5F-CB270C8155E4}.Release|Any CPU.Build.0 = Release|Any CPU
		{1DCA2420-805D-4AE3-8E5F-CB270C8155E4}.Release|ARM.ActiveCfg = Release|Any CPU
		{1DCA2420-805D-4AE3-8E5F-CB270C8155E4}.Release|ARM.Build.0 = Release|Any CPU
		{1DCA2420-805D-4AE3-8E5F-CB270C8155E4}.Release|ARM64.ActiveCfg = Release|Any CPU
		{1DCA2420-805D-4AE3-8E5F-CB270C8155E4}.Release|ARM64.Build.0 = Release|Any CPU
		{1DCA2420-805D-4AE3-8E5F-CB270C8155E4}.Release|x64.ActiveCfg = Release|Any CPU
		{1DCA2420-805D-4AE3-8E5F-CB270C8155E4}.Release|x64.Build.0 = Release|Any CPU
		{1DCA2420-805D-4AE3-8E5F-CB270C8155E4}.Release|x86.ActiveCfg = Release|Any CPU
		{1DCA2420-805D-4AE3-8E5F-CB270C8155E4}.Release|x86.Build.0 = Release|Any CPU
		{17CB2988-444A-4411-A9F2-AAB723DCA808}.Debug|Any CPU.ActiveCfg = Debug|Any CPU
		{17CB2988-444A-4411-A9F2-AAB723DCA808}.Debug|Any CPU.Build.0 = Debug|Any CPU
		{17CB2988-444A-4411-A9F2-AAB723DCA808}.Debug|ARM.ActiveCfg = Debug|Any CPU
		{17CB2988-444A-4411-A9F2-AAB723DCA808}.Debug|ARM.Build.0 = Debug|Any CPU
		{17CB2988-444A-4411-A9F2-AAB723DCA808}.Debug|ARM64.ActiveCfg = Debug|Any CPU
		{17CB2988-444A-4411-A9F2-AAB723DCA808}.Debug|ARM64.Build.0 = Debug|Any CPU
		{17CB2988-444A-4411-A9F2-AAB723DCA808}.Debug|x64.ActiveCfg = Debug|x64
		{17CB2988-444A-4411-A9F2-AAB723DCA808}.Debug|x64.Build.0 = Debug|x64
		{17CB2988-444A-4411-A9F2-AAB723DCA808}.Debug|x86.ActiveCfg = Debug|Any CPU
		{17CB2988-444A-4411-A9F2-AAB723DCA808}.Debug|x86.Build.0 = Debug|Any CPU
		{17CB2988-444A-4411-A9F2-AAB723DCA808}.Release|Any CPU.ActiveCfg = Release|Any CPU
		{17CB2988-444A-4411-A9F2-AAB723DCA808}.Release|Any CPU.Build.0 = Release|Any CPU
		{17CB2988-444A-4411-A9F2-AAB723DCA808}.Release|ARM.ActiveCfg = Release|Any CPU
		{17CB2988-444A-4411-A9F2-AAB723DCA808}.Release|ARM.Build.0 = Release|Any CPU
		{17CB2988-444A-4411-A9F2-AAB723DCA808}.Release|ARM64.ActiveCfg = Release|Any CPU
		{17CB2988-444A-4411-A9F2-AAB723DCA808}.Release|ARM64.Build.0 = Release|Any CPU
		{17CB2988-444A-4411-A9F2-AAB723DCA808}.Release|x64.ActiveCfg = Release|Any CPU
		{17CB2988-444A-4411-A9F2-AAB723DCA808}.Release|x64.Build.0 = Release|Any CPU
		{17CB2988-444A-4411-A9F2-AAB723DCA808}.Release|x86.ActiveCfg = Release|Any CPU
		{17CB2988-444A-4411-A9F2-AAB723DCA808}.Release|x86.Build.0 = Release|Any CPU
	EndGlobalSection
	GlobalSection(SolutionProperties) = preSolution
		HideSolutionNode = FALSE
	EndGlobalSection
	GlobalSection(NestedProjects) = preSolution
		{A58696C8-2BA4-4BB7-85C4-996DC82799E6} = {5A8EE9F0-AFDF-4722-91CF-050C5C90EFD9}
		{DE7D68F5-D13F-4FC6-9FF1-7E10D84185F2} = {5A8EE9F0-AFDF-4722-91CF-050C5C90EFD9}
		{A765BB26-ED2A-442C-9458-44CCDD03ED9B} = {5A8EE9F0-AFDF-4722-91CF-050C5C90EFD9}
		{1DCA2420-805D-4AE3-8E5F-CB270C8155E4} = {2FB533D9-6A91-4FD2-A64F-3C2F4FCF547C}
		{17CB2988-444A-4411-A9F2-AAB723DCA808} = {2FB533D9-6A91-4FD2-A64F-3C2F4FCF547C}
	EndGlobalSection
	GlobalSection(ExtensibilityGlobals) = postSolution
		SolutionGuid = {B7790C64-9A0A-4EA4-A8A9-EF5EFB4D19A7}
	EndGlobalSection
EndGlobal
